hash: d36a160848b4ba1929945bfc2a61048bf9246ed1aa8dd23ea0919e5a2f5becfe
updated: 2017-12-27T16:26:54.176856916+08:00
imports:
- name: github.com/go-xorm/xorm
  version: 1933dd69e294c0a26c0266637067f24dbb25770c
- name: github.com/lib/pq
  version: e42267488fe361b9dc034be7a6bffef5b195bceb
testImports: []
